
Microsoft Visual Studio Solution File, Format Version 12.00
# Visual Studio Version 17
VisualStudioVersion = 17.5.33516.290
MinimumVisualStudioVersion = 10.0.40219.1
Project("{2150E333-8FDC-42A3-9474-1A3956D46DE8}") = "src", "src", "{74A473C2-44D3-4A40-AB58-B503C5234222}"
EndProject
Project("{2150E333-8FDC-42A3-9474-1A3956D46DE8}") = "0 - Building Blocks", "0 - Building Blocks", "{DBCE70FD-F4A6-47B2-AB6A-08A18F10F40B}"
EndProject
Project("{2150E333-8FDC-42A3-9474-1A3956D46DE8}") = "1 - Presentation", "1 - Presentation", "{F8A3D0F3-B4B3-4872-8CE2-8A82921C545D}"
EndProject
Project("{2150E333-8FDC-42A3-9474-1A3956D46DE8}") = "2 - Services", "2 - Services", "{BD891800-9468-4476-A411-B3BF7D46609B}"
EndProject
Project("{2150E333-8FDC-42A3-9474-1A3956D46DE8}") = "3 - Application", "3 - Application", "{F9ED06F5-31C7-45B8-9723-1116E3195683}"
EndProject
Project("{2150E333-8FDC-42A3-9474-1A3956D46DE8}") = "4 - Domain", "4 - Domain", "{E7E63E29-0460-4B66-8C33-EC2C4EF082B9}"
EndProject
Project("{2150E333-8FDC-42A3-9474-1A3956D46DE8}") = "5 - Infra", "5 - Infra", "{666EED20-D405-4762-95D7-7951E3097EB1}"
EndProject
Project("{2150E333-8FDC-42A3-9474-1A3956D46DE8}") = "6 - Test", "6 - Test", "{0A528254-D478-4B59-99A1-C06AABEB2DEE}"
EndProject
Project("{9A19103F-16F7-4668-BE54-9A1E7A4F7556}") = "UniversoGeek.Domain", "UniversoGeek.Domain\UniversoGeek.Domain.csproj", "{0A9EA140-6E5A-4048-B1B0-7FE800C7FF2E}"
	ProjectSection(ProjectDependencies) = postProject
		{74C41622-1088-43B1-876F-D8C08C50D309} = {74C41622-1088-43B1-876F-D8C08C50D309}
	EndProjectSection
EndProject
Project("{9A19103F-16F7-4668-BE54-9A1E7A4F7556}") = "UniversoGeek.Core", "UniversoGeek.Core\UniversoGeek.Core.csproj", "{74C41622-1088-43B1-876F-D8C08C50D309}"
EndProject
Project("{9A19103F-16F7-4668-BE54-9A1E7A4F7556}") = "UniversoGeek.Application", "UniversoGeek.Application\UniversoGeek.Application.csproj", "{603E597E-139A-4E52-A033-41D291904389}"
	ProjectSection(ProjectDependencies) = postProject
		{0A9EA140-6E5A-4048-B1B0-7FE800C7FF2E} = {0A9EA140-6E5A-4048-B1B0-7FE800C7FF2E}
		{74C41622-1088-43B1-876F-D8C08C50D309} = {74C41622-1088-43B1-876F-D8C08C50D309}
		{F9D80A74-06FD-480B-92BF-F15471B13156} = {F9D80A74-06FD-480B-92BF-F15471B13156}
	EndProjectSection
EndProject
Project("{9A19103F-16F7-4668-BE54-9A1E7A4F7556}") = "UniversoGeek.Domain.Shared", "UniversoGeek.Domain.Shared\UniversoGeek.Domain.Shared.csproj", "{F9D80A74-06FD-480B-92BF-F15471B13156}"
EndProject
Project("{9A19103F-16F7-4668-BE54-9A1E7A4F7556}") = "UniversoGeek.Infra.CrossCutting.IoC", "UniversoGeek.Infra.CrossCutting.IoC\UniversoGeek.Infra.CrossCutting.IoC.csproj", "{28023BDA-ABE2-4581-BC84-5CCDC472BB07}"
EndProject
Project("{9A19103F-16F7-4668-BE54-9A1E7A4F7556}") = "UniversoGeek.Infra.Data", "UniversoGeek.Infra.Data\UniversoGeek.Infra.Data.csproj", "{66A4268F-BDD7-4D60-8A2A-0098643AC990}"
	ProjectSection(ProjectDependencies) = postProject
		{74C41622-1088-43B1-876F-D8C08C50D309} = {74C41622-1088-43B1-876F-D8C08C50D309}
	EndProjectSection
EndProject
Global
	GlobalSection(SolutionConfigurationPlatforms) = preSolution
		Debug|Any CPU = Debug|Any CPU
		Release|Any CPU = Release|Any CPU
	EndGlobalSection
	GlobalSection(ProjectConfigurationPlatforms) = postSolution
		{0A9EA140-6E5A-4048-B1B0-7FE800C7FF2E}.Debug|Any CPU.ActiveCfg = Debug|Any CPU
		{0A9EA140-6E5A-4048-B1B0-7FE800C7FF2E}.Debug|Any CPU.Build.0 = Debug|Any CPU
		{0A9EA140-6E5A-4048-B1B0-7FE800C7FF2E}.Release|Any CPU.ActiveCfg = Release|Any CPU
		{0A9EA140-6E5A-4048-B1B0-7FE800C7FF2E}.Release|Any CPU.Build.0 = Release|Any CPU
		{74C41622-1088-43B1-876F-D8C08C50D309}.Debug|Any CPU.ActiveCfg = Debug|Any CPU
		{74C41622-1088-43B1-876F-D8C08C50D309}.Debug|Any CPU.Build.0 = Debug|Any CPU
		{74C41622-1088-43B1-876F-D8C08C50D309}.Release|Any CPU.ActiveCfg = Release|Any CPU
		{74C41622-1088-43B1-876F-D8C08C50D309}.Release|Any CPU.Build.0 = Release|Any CPU
		{603E597E-139A-4E52-A033-41D291904389}.Debug|Any CPU.ActiveCfg = Debug|Any CPU
		{603E597E-139A-4E52-A033-41D291904389}.Debug|Any CPU.Build.0 = Debug|Any CPU
		{603E597E-139A-4E52-A033-41D291904389}.Release|Any CPU.ActiveCfg = Release|Any CPU
		{603E597E-139A-4E52-A033-41D291904389}.Release|Any CPU.Build.0 = Release|Any CPU
		{F9D80A74-06FD-480B-92BF-F15471B13156}.Debug|Any CPU.ActiveCfg = Debug|Any CPU
		{F9D80A74-06FD-480B-92BF-F15471B13156}.Debug|Any CPU.Build.0 = Debug|Any CPU
		{F9D80A74-06FD-480B-92BF-F15471B13156}.Release|Any CPU.ActiveCfg = Release|Any CPU
		{F9D80A74-06FD-480B-92BF-F15471B13156}.Release|Any CPU.Build.0 = Release|Any CPU
		{28023BDA-ABE2-4581-BC84-5CCDC472BB07}.Debug|Any CPU.ActiveCfg = Debug|Any CPU
		{28023BDA-ABE2-4581-BC84-5CCDC472BB07}.Debug|Any CPU.Build.0 = Debug|Any CPU
		{28023BDA-ABE2-4581-BC84-5CCDC472BB07}.Release|Any CPU.ActiveCfg = Release|Any CPU
		{28023BDA-ABE2-4581-BC84-5CCDC472BB07}.Release|Any CPU.Build.0 = Release|Any CPU
		{66A4268F-BDD7-4D60-8A2A-0098643AC990}.Debug|Any CPU.ActiveCfg = Debug|Any CPU
		{66A4268F-BDD7-4D60-8A2A-0098643AC990}.Debug|Any CPU.Build.0 = Debug|Any CPU
		{66A4268F-BDD7-4D60-8A2A-0098643AC990}.Release|Any CPU.ActiveCfg = Release|Any CPU
		{66A4268F-BDD7-4D60-8A2A-0098643AC990}.Release|Any CPU.Build.0 = Release|Any CPU
	EndGlobalSection
	GlobalSection(SolutionProperties) = preSolution
		HideSolutionNode = FALSE
	EndGlobalSection
	GlobalSection(NestedProjects) = preSolution
		{DBCE70FD-F4A6-47B2-AB6A-08A18F10F40B} = {74A473C2-44D3-4A40-AB58-B503C5234222}
		{F8A3D0F3-B4B3-4872-8CE2-8A82921C545D} = {74A473C2-44D3-4A40-AB58-B503C5234222}
		{BD891800-9468-4476-A411-B3BF7D46609B} = {74A473C2-44D3-4A40-AB58-B503C5234222}
		{F9ED06F5-31C7-45B8-9723-1116E3195683} = {74A473C2-44D3-4A40-AB58-B503C5234222}
		{E7E63E29-0460-4B66-8C33-EC2C4EF082B9} = {74A473C2-44D3-4A40-AB58-B503C5234222}
		{666EED20-D405-4762-95D7-7951E3097EB1} = {74A473C2-44D3-4A40-AB58-B503C5234222}
		{0A528254-D478-4B59-99A1-C06AABEB2DEE} = {74A473C2-44D3-4A40-AB58-B503C5234222}
		{0A9EA140-6E5A-4048-B1B0-7FE800C7FF2E} = {E7E63E29-0460-4B66-8C33-EC2C4EF082B9}
		{74C41622-1088-43B1-876F-D8C08C50D309} = {DBCE70FD-F4A6-47B2-AB6A-08A18F10F40B}
		{603E597E-139A-4E52-A033-41D291904389} = {F9ED06F5-31C7-45B8-9723-1116E3195683}
		{F9D80A74-06FD-480B-92BF-F15471B13156} = {E7E63E29-0460-4B66-8C33-EC2C4EF082B9}
		{28023BDA-ABE2-4581-BC84-5CCDC472BB07} = {666EED20-D405-4762-95D7-7951E3097EB1}
		{66A4268F-BDD7-4D60-8A2A-0098643AC990} = {666EED20-D405-4762-95D7-7951E3097EB1}
	EndGlobalSection
	GlobalSection(ExtensibilityGlobals) = postSolution
		SolutionGuid = {3BAD664D-EA92-4A37-9242-ECC25CDBDB36}
	EndGlobalSection
EndGlobal
